// !$*UTF8*$!
{
	archiveVersion = 1;
	classes = {
	};
	objectVersion = 55;
	objects = {

/* Begin PBXBuildFile section */
		21875CD0A026E3C5BFC1C78E /* Pods_WombatTest.framework in Frameworks */ = {isa = PBXBuildFile; fileRef = C5BEBF4FDC1DD60EC18E3A9A /* Pods_WombatTest.framework */; };
		6CDEBB1727C70325000FB1F3 /* AppDelegate.swift in Sources */ = {isa = PBXBuildFile; fileRef = 6CDEBB1627C70325000FB1F3 /* AppDelegate.swift */; };
		6CDEBB1927C70325000FB1F3 /* SceneDelegate.swift in Sources */ = {isa = PBXBuildFile; fileRef = 6CDEBB1827C70325000FB1F3 /* SceneDelegate.swift */; };
		6CDEBB1B27C70325000FB1F3 /* ViewController.swift in Sources */ = {isa = PBXBuildFile; fileRef = 6CDEBB1A27C70325000FB1F3 /* ViewController.swift */; };
		6CDEBB2027C70326000FB1F3 /* Assets.xcassets in Resources */ = {isa = PBXBuildFile; fileRef = 6CDEBB1F27C70326000FB1F3 /* Assets.xcassets */; };
		6CDEBB2327C70326000FB1F3 /* LaunchScreen.storyboard in Resources */ = {isa = PBXBuildFile; fileRef = 6CDEBB2127C70326000FB1F3 /* LaunchScreen.storyboard */; };
		6CDEBB2E27C70499000FB1F3 /* NetworkServicing.swift in Sources */ = {isa = PBXBuildFile; fileRef = 6CDEBB2D27C70499000FB1F3 /* NetworkServicing.swift */; };
		6CDEBB3027C704B5000FB1F3 /* NetworkService.swift in Sources */ = {isa = PBXBuildFile; fileRef = 6CDEBB2F27C704B5000FB1F3 /* NetworkService.swift */; };
		6CDEBB3227C70588000FB1F3 /* Account.swift in Sources */ = {isa = PBXBuildFile; fileRef = 6CDEBB3127C70588000FB1F3 /* Account.swift */; };
		6CDEBB3527C705B5000FB1F3 /* AccountViewModel.swift in Sources */ = {isa = PBXBuildFile; fileRef = 6CDEBB3427C705B5000FB1F3 /* AccountViewModel.swift */; };
		6CDEBB3927C76686000FB1F3 /* Unit.swift in Sources */ = {isa = PBXBuildFile; fileRef = 6CDEBB3827C76686000FB1F3 /* Unit.swift */; };
		6CDEBB3B27C76694000FB1F3 /* Time.swift in Sources */ = {isa = PBXBuildFile; fileRef = 6CDEBB3A27C76694000FB1F3 /* Time.swift */; };
		6CDEBB3F27C78897000FB1F3 /* String+Ext.swift in Sources */ = {isa = PBXBuildFile; fileRef = 6CDEBB3E27C78897000FB1F3 /* String+Ext.swift */; };
		6CDEBB4227C788E2000FB1F3 /* AppCoordinator.swift in Sources */ = {isa = PBXBuildFile; fileRef = 6CDEBB4127C788E2000FB1F3 /* AppCoordinator.swift */; };
		6CDEBB4527C7CFA2000FB1F3 /* TintTextField.swift in Sources */ = {isa = PBXBuildFile; fileRef = 6CDEBB4427C7CFA2000FB1F3 /* TintTextField.swift */; };
/* End PBXBuildFile section */

/* Begin PBXFileReference section */
		31AF72C5D118492103962A0C /* Pods-WombatTest.debug.xcconfig */ = {isa = PBXFileReference; includeInIndex = 1; lastKnownFileType = text.xcconfig; name = "Pods-WombatTest.debug.xcconfig"; path = "Target Support Files/Pods-WombatTest/Pods-WombatTest.debug.xcconfig"; sourceTree = "<group>"; };
		6CDEBB1327C70325000FB1F3 /* WombatTest.app */ = {isa = PBXFileReference; explicitFileType = wrapper.application; includeInIndex = 0; path = WombatTest.app; sourceTree = BUILT_PRODUCTS_DIR; };
		6CDEBB1627C70325000FB1F3 /* AppDelegate.swift */ = {isa = PBXFileReference; lastKnownFileType = sourcecode.swift; path = AppDelegate.swift; sourceTree = "<group>"; };
		6CDEBB1827C70325000FB1F3 /* SceneDelegate.swift */ = {isa = PBXFileReference; lastKnownFileType = sourcecode.swift; path = SceneDelegate.swift; sourceTree = "<group>"; };
		6CDEBB1A27C70325000FB1F3 /* ViewController.swift */ = {isa = PBXFileReference; lastKnownFileType = sourcecode.swift; path = ViewController.swift; sourceTree = "<group>"; };
		6CDEBB1F27C70326000FB1F3 /* Assets.xcassets */ = {isa = PBXFileReference; lastKnownFileType = folder.assetcatalog; path = Assets.xcassets; sourceTree = "<group>"; };
		6CDEBB2227C70326000FB1F3 /* Base */ = {isa = PBXFileReference; lastKnownFileType = file.storyboard; name = Base; path = Base.lproj/LaunchScreen.storyboard; sourceTree = "<group>"; };
		6CDEBB2427C70326000FB1F3 /* Info.plist */ = {isa = PBXFileReference; lastKnownFileType = text.plist.xml; path = Info.plist; sourceTree = "<group>"; };
		6CDEBB2D27C70499000FB1F3 /* NetworkServicing.swift */ = {isa = PBXFileReference; lastKnownFileType = sourcecode.swift; path = NetworkServicing.swift; sourceTree = "<group>"; };
		6CDEBB2F27C704B5000FB1F3 /* NetworkService.swift */ = {isa = PBXFileReference; lastKnownFileType = sourcecode.swift; path = NetworkService.swift; sourceTree = "<group>"; };
		6CDEBB3127C70588000FB1F3 /* Account.swift */ = {isa = PBXFileReference; lastKnownFileType = sourcecode.swift; path = Account.swift; sourceTree = "<group>"; };
		6CDEBB3427C705B5000FB1F3 /* AccountViewModel.swift */ = {isa = PBXFileReference; lastKnownFileType = sourcecode.swift; path = AccountViewModel.swift; sourceTree = "<group>"; };
		6CDEBB3827C76686000FB1F3 /* Unit.swift */ = {isa = PBXFileReference; lastKnownFileType = sourcecode.swift; path = Unit.swift; sourceTree = "<group>"; };
		6CDEBB3A27C76694000FB1F3 /* Time.swift */ = {isa = PBXFileReference; lastKnownFileType = sourcecode.swift; path = Time.swift; sourceTree = "<group>"; };
		6CDEBB3E27C78897000FB1F3 /* String+Ext.swift */ = {isa = PBXFileReference; lastKnownFileType = sourcecode.swift; path = "String+Ext.swift"; sourceTree = "<group>"; };
		6CDEBB4127C788E2000FB1F3 /* AppCoordinator.swift */ = {isa = PBXFileReference; lastKnownFileType = sourcecode.swift; path = AppCoordinator.swift; sourceTree = "<group>"; };
		6CDEBB4427C7CFA2000FB1F3 /* TintTextField.swift */ = {isa = PBXFileReference; lastKnownFileType = sourcecode.swift; path = TintTextField.swift; sourceTree = "<group>"; };
		C5BEBF4FDC1DD60EC18E3A9A /* Pods_WombatTest.framework */ = {isa = PBXFileReference; explicitFileType = wrapper.framework; includeInIndex = 0; path = Pods_WombatTest.framework; sourceTree = BUILT_PRODUCTS_DIR; };
		D6404A8DE713A2C96E064B56 /* Pods-WombatTest.release.xcconfig */ = {isa = PBXFileReference; includeInIndex = 1; lastKnownFileType = text.xcconfig; name = "Pods-WombatTest.release.xcconfig"; path = "Target Support Files/Pods-WombatTest/Pods-WombatTest.release.xcconfig"; sourceTree = "<group>"; };
/* End PBXFileReference section */

/* Begin PBXFrameworksBuildPhase section */
		6CDEBB1027C70325000FB1F3 /* Frameworks */ = {
			isa = PBXFrameworksBuildPhase;
			buildActionMask = 2147483647;
			files = (
				21875CD0A026E3C5BFC1C78E /* Pods_WombatTest.framework in Frameworks */,
			);
			runOnlyForDeploymentPostprocessing = 0;
		};
/* End PBXFrameworksBuildPhase section */

/* Begin PBXGroup section */
		2F8659F090F8F4020D070B8F /* Pods */ = {
			isa = PBXGroup;
			children = (
				31AF72C5D118492103962A0C /* Pods-WombatTest.debug.xcconfig */,
				D6404A8DE713A2C96E064B56 /* Pods-WombatTest.release.xcconfig */,
			);
			path = Pods;
			sourceTree = "<group>";
		};
		6CDEBB0A27C70325000FB1F3 = {
			isa = PBXGroup;
			children = (
				6CDEBB1527C70325000FB1F3 /* WombatTest */,
				6CDEBB1427C70325000FB1F3 /* Products */,
				2F8659F090F8F4020D070B8F /* Pods */,
				D84CFD8112DEA183BA2DC536 /* Frameworks */,
			);
			sourceTree = "<group>";
		};
		6CDEBB1427C70325000FB1F3 /* Products */ = {
			isa = PBXGroup;
			children = (
				6CDEBB1327C70325000FB1F3 /* WombatTest.app */,
			);
			name = Products;
			sourceTree = "<group>";
		};
		6CDEBB1527C70325000FB1F3 /* WombatTest */ = {
			isa = PBXGroup;
			children = (
				6CDEBB1627C70325000FB1F3 /* AppDelegate.swift */,
				6CDEBB1827C70325000FB1F3 /* SceneDelegate.swift */,
				6CDEBB4127C788E2000FB1F3 /* AppCoordinator.swift */,
				6CDEBB4327C78964000FB1F3 /* ViewControllers */,
				6CDEBB3D27C78876000FB1F3 /* ViewModel */,
				6CDEBB3327C7059D000FB1F3 /* Model */,
				6CDEBB2A27C70448000FB1F3 /* NetworkLayer */,
				6CDEBB3C27C766A0000FB1F3 /* Helpers */,
				6CDEBB4027C788A8000FB1F3 /* Extensions */,
				6CDEBB1F27C70326000FB1F3 /* Assets.xcassets */,
				6CDEBB2127C70326000FB1F3 /* LaunchScreen.storyboard */,
				6CDEBB2427C70326000FB1F3 /* Info.plist */,
			);
			path = WombatTest;
			sourceTree = "<group>";
		};
		6CDEBB2A27C70448000FB1F3 /* NetworkLayer */ = {
			isa = PBXGroup;
			children = (
				6CDEBB2D27C70499000FB1F3 /* NetworkServicing.swift */,
				6CDEBB2F27C704B5000FB1F3 /* NetworkService.swift */,
			);
			path = NetworkLayer;
			sourceTree = "<group>";
		};
		6CDEBB3327C7059D000FB1F3 /* Model */ = {
			isa = PBXGroup;
			children = (
				6CDEBB3127C70588000FB1F3 /* Account.swift */,
			);
			path = Model;
			sourceTree = "<group>";
		};
		6CDEBB3C27C766A0000FB1F3 /* Helpers */ = {
			isa = PBXGroup;
			children = (
				6CDEBB3827C76686000FB1F3 /* Unit.swift */,
				6CDEBB3A27C76694000FB1F3 /* Time.swift */,
			);
			path = Helpers;
			sourceTree = "<group>";
		};
		6CDEBB3D27C78876000FB1F3 /* ViewModel */ = {
			isa = PBXGroup;
			children = (
				6CDEBB3427C705B5000FB1F3 /* AccountViewModel.swift */,
			);
			path = ViewModel;
			sourceTree = "<group>";
		};
		6CDEBB4027C788A8000FB1F3 /* Extensions */ = {
			isa = PBXGroup;
			children = (
				6CDEBB4427C7CFA2000FB1F3 /* TintTextField.swift */,
				6CDEBB3E27C78897000FB1F3 /* String+Ext.swift */,
			);
			path = Extensions;
			sourceTree = "<group>";
		};
		6CDEBB4327C78964000FB1F3 /* ViewControllers */ = {
			isa = PBXGroup;
			children = (
				6CDEBB1A27C70325000FB1F3 /* ViewController.swift */,
			);
			path = ViewControllers;
			sourceTree = "<group>";
		};
		D84CFD8112DEA183BA2DC536 /* Frameworks */ = {
			isa = PBXGroup;
			children = (
				C5BEBF4FDC1DD60EC18E3A9A /* Pods_WombatTest.framework */,
			);
			name = Frameworks;
			sourceTree = "<group>";
		};
/* End PBXGroup section */

/* Begin PBXNativeTarget section */
		6CDEBB1227C70325000FB1F3 /* WombatTest */ = {
			isa = PBXNativeTarget;
			buildConfigurationList = 6CDEBB2727C70326000FB1F3 /* Build configuration list for PBXNativeTarget "WombatTest" */;
			buildPhases = (
				4575895CF66CE23F9158AE02 /* [CP] Check Pods Manifest.lock */,
				6CDEBB0F27C70325000FB1F3 /* Sources */,
				6CDEBB1027C70325000FB1F3 /* Frameworks */,
				6CDEBB1127C70325000FB1F3 /* Resources */,
				85CB8608F41171D134B3E88F /* [CP] Embed Pods Frameworks */,
			);
			buildRules = (
			);
			dependencies = (
			);
			name = WombatTest;
			productName = WombatTest;
			productReference = 6CDEBB1327C70325000FB1F3 /* WombatTest.app */;
			productType = "com.apple.product-type.application";
		};
/* End PBXNativeTarget section */

/* Begin PBXProject section */
		6CDEBB0B27C70325000FB1F3 /* Project object */ = {
			isa = PBXProject;
			attributes = {
				BuildIndependentTargetsInParallel = 1;
				LastSwiftUpdateCheck = 1320;
				LastUpgradeCheck = 1320;
				TargetAttributes = {
					6CDEBB1227C70325000FB1F3 = {
						CreatedOnToolsVersion = 13.2.1;
					};
				};
			};
			buildConfigurationList = 6CDEBB0E27C70325000FB1F3 /* Build configuration list for PBXProject "WombatTest" */;
			compatibilityVersion = "Xcode 13.0";
			developmentRegion = en;
			hasScannedForEncodings = 0;
			knownRegions = (
				en,
				Base,
			);
			mainGroup = 6CDEBB0A27C70325000FB1F3;
			productRefGroup = 6CDEBB1427C70325000FB1F3 /* Products */;
			projectDirPath = "";
			projectRoot = "";
			targets = (
				6CDEBB1227C70325000FB1F3 /* WombatTest */,
			);
		};
/* End PBXProject section */

/* Begin PBXResourcesBuildPhase section */
		6CDEBB1127C70325000FB1F3 /* Resources */ = {
			isa = PBXResourcesBuildPhase;
			buildActionMask = 2147483647;
			files = (
				6CDEBB2327C70326000FB1F3 /* LaunchScreen.storyboard in Resources */,
				6CDEBB2027C70326000FB1F3 /* Assets.xcassets in Resources */,
			);
			runOnlyForDeploymentPostprocessing = 0;
		};
/* End PBXResourcesBuildPhase section */

/* Begin PBXShellScriptBuildPhase section */
		4575895CF66CE23F9158AE02 /* [CP] Check Pods Manifest.lock */ = {
			isa = PBXShellScriptBuildPhase;
			buildActionMask = 2147483647;
			files = (
			);
			inputFileListPaths = (
			);
			inputPaths = (
				"${PODS_PODFILE_DIR_PATH}/Podfile.lock",
				"${PODS_ROOT}/Manifest.lock",
			);
			name = "[CP] Check Pods Manifest.lock";
			outputFileListPaths = (
			);
			outputPaths = (
				"$(DERIVED_FILE_DIR)/Pods-WombatTest-checkManifestLockResult.txt",
			);
			runOnlyForDeploymentPostprocessing = 0;
			shellPath = /bin/sh;
			shellScript = "diff \"${PODS_PODFILE_DIR_PATH}/Podfile.lock\" \"${PODS_ROOT}/Manifest.lock\" > /dev/null\nif [ $? != 0 ] ; then\n    # print error to STDERR\n    echo \"error: The sandbox is not in sync with the Podfile.lock. Run 'pod install' or update your CocoaPods installation.\" >&2\n    exit 1\nfi\n# This output is used by Xcode 'outputs' to avoid re-running this script phase.\necho \"SUCCESS\" > \"${SCRIPT_OUTPUT_FILE_0}\"\n";
			showEnvVarsInLog = 0;
		};
		85CB8608F41171D134B3E88F /* [CP] Embed Pods Frameworks */ = {
			isa = PBXShellScriptBuildPhase;
			buildActionMask = 2147483647;
			files = (
			);
			inputFileListPaths = (
				"${PODS_ROOT}/Target Support Files/Pods-WombatTest/Pods-WombatTest-frameworks-${CONFIGURATION}-input-files.xcfilelist",
			);
			name = "[CP] Embed Pods Frameworks";
			outputFileListPaths = (
				"${PODS_ROOT}/Target Support Files/Pods-WombatTest/Pods-WombatTest-frameworks-${CONFIGURATION}-output-files.xcfilelist",
			);
			runOnlyForDeploymentPostprocessing = 0;
			shellPath = /bin/sh;
			shellScript = "\"${PODS_ROOT}/Target Support Files/Pods-WombatTest/Pods-WombatTest-frameworks.sh\"\n";
			showEnvVarsInLog = 0;
		};
/* End PBXShellScriptBuildPhase section */

/* Begin PBXSourcesBuildPhase section */
		6CDEBB0F27C70325000FB1F3 /* Sources */ = {
			isa = PBXSourcesBuildPhase;
			buildActionMask = 2147483647;
			files = (
				6CDEBB4227C788E2000FB1F3 /* AppCoordinator.swift in Sources */,
				6CDEBB1B27C70325000FB1F3 /* ViewController.swift in Sources */,
				6CDEBB4527C7CFA2000FB1F3 /* TintTextField.swift in Sources */,
				6CDEBB1727C70325000FB1F3 /* AppDelegate.swift in Sources */,
				6CDEBB3B27C76694000FB1F3 /* Time.swift in Sources */,
				6CDEBB3527C705B5000FB1F3 /* AccountViewModel.swift in Sources */,
				6CDEBB3927C76686000FB1F3 /* Unit.swift in Sources */,
				6CDEBB1927C70325000FB1F3 /* SceneDelegate.swift in Sources */,
				6CDEBB3027C704B5000FB1F3 /* NetworkService.swift in Sources */,
				6CDEBB2E27C70499000FB1F3 /* NetworkServicing.swift in Sources */,
				6CDEBB3F27C78897000FB1F3 /* String+Ext.swift in Sources */,
				6CDEBB3227C70588000FB1F3 /* Account.swift in Sources */,
			);
			runOnlyForDeploymentPostprocessing = 0;
		};
/* End PBXSourcesBuildPhase section */

/* Begin PBXVariantGroup section */
		6CDEBB2127C70326000FB1F3 /* LaunchScreen.storyboard */ = {
			isa = PBXVariantGroup;
			children = (
				6CDEBB2227C70326000FB1F3 /* Base */,
			);
			name = LaunchScreen.storyboard;
			sourceTree = "<group>";
		};
/* End PBXVariantGroup section */

/* Begin XCBuildConfiguration section */
		6CDEBB2527C70326000FB1F3 /* Debug */ = {
			isa = XCBuildConfiguration;
			buildSettings = {
				ALWAYS_SEARCH_USER_PATHS = NO;
				CLANG_ANALYZER_NONNULL = YES;
				CLANG_ANALYZER_NUMBER_OBJECT_CONVERSION = YES_AGGRESSIVE;
				CLANG_CXX_LANGUAGE_STANDARD = "gnu++17";
				CLANG_CXX_LIBRARY = "libc++";
				CLANG_ENABLE_MODULES = YES;
				CLANG_ENABLE_OBJC_ARC = YES;
				CLANG_ENABLE_OBJC_WEAK = YES;
				CLANG_WARN_BLOCK_CAPTURE_AUTORELEASING = YES;
				CLANG_WARN_BOOL_CONVERSION = YES;
				CLANG_WARN_COMMA = YES;
				CLANG_WARN_CONSTANT_CONVERSION = YES;
				CLANG_WARN_DEPRECATED_OBJC_IMPLEMENTATIONS = YES;
				CLANG_WARN_DIRECT_OBJC_ISA_USAGE = YES_ERROR;
				CLANG_WARN_DOCUMENTATION_COMMENTS = YES;
				CLANG_WARN_EMPTY_BODY = YES;
				CLANG_WARN_ENUM_CONVERSION = YES;
				CLANG_WARN_INFINITE_RECURSION = YES;
				CLANG_WARN_INT_CONVERSION = YES;
				CLANG_WARN_NON_LITERAL_NULL_CONVERSION = YES;
				CLANG_WARN_OBJC_IMPLICIT_RETAIN_SELF = YES;
				CLANG_WARN_OBJC_LITERAL_CONVERSION = YES;
				CLANG_WARN_OBJC_ROOT_CLASS = YES_ERROR;
				CLANG_WARN_QUOTED_INCLUDE_IN_FRAMEWORK_HEADER = YES;
				CLANG_WARN_RANGE_LOOP_ANALYSIS = YES;
				CLANG_WARN_STRICT_PROTOTYPES = YES;
				CLANG_WARN_SUSPICIOUS_MOVE = YES;
				CLANG_WARN_UNGUARDED_AVAILABILITY = YES_AGGRESSIVE;
				CLANG_WARN_UNREACHABLE_CODE = YES;
				CLANG_WARN__DUPLICATE_METHOD_MATCH = YES;
				COPY_PHASE_STRIP = NO;
				DEBUG_INFORMATION_FORMAT = dwarf;
				ENABLE_STRICT_OBJC_MSGSEND = YES;
				ENABLE_TESTABILITY = YES;
				GCC_C_LANGUAGE_STANDARD = gnu11;
				GCC_DYNAMIC_NO_PIC = NO;
				GCC_NO_COMMON_BLOCKS = YES;
				GCC_OPTIMIZATION_LEVEL = 0;
				GCC_PREPROCESSOR_DEFINITIONS = (
					"DEBUG=1",
					"$(inherited)",
				);
				GCC_WARN_64_TO_32_BIT_CONVERSION = YES;
				GCC_WARN_ABOUT_RETURN_TYPE = YES_ERROR;
				GCC_WARN_UNDECLARED_SELECTOR = YES;
				GCC_WARN_UNINITIALIZED_AUTOS = YES_AGGRESSIVE;
				GCC_WARN_UNUSED_FUNCTION = YES;
				GCC_WARN_UNUSED_VARIABLE = YES;
				IPHONEOS_DEPLOYMENT_TARGET = 15.2;
				MTL_ENABLE_DEBUG_INFO = INCLUDE_SOURCE;
				MTL_FAST_MATH = YES;
				ONLY_ACTIVE_ARCH = YES;
				SDKROOT = iphoneos;
				SWIFT_ACTIVE_COMPILATION_CONDITIONS = DEBUG;
				SWIFT_OPTIMIZATION_LEVEL = "-Onone";
			};
			name = Debug;
		};
		6CDEBB2627C70326000FB1F3 /* Release */ = {
			isa = XCBuildConfiguration;
			buildSettings = {
				ALWAYS_SEARCH_USER_PATHS = NO;
				CLANG_ANALYZER_NONNULL = YES;
				CLANG_ANALYZER_NUMBER_OBJECT_CONVERSION = YES_AGGRESSIVE;
				CLANG_CXX_LANGUAGE_STANDARD = "gnu++17";
				CLANG_CXX_LIBRARY = "libc++";
				CLANG_ENABLE_MODULES = YES;
				CLANG_ENABLE_OBJC_ARC = YES;
				CLANG_ENABLE_OBJC_WEAK = YES;
				CLANG_WARN_BLOCK_CAPTURE_AUTORELEASING = YES;
				CLANG_WARN_BOOL_CONVERSION = YES;
				CLANG_WARN_COMMA = YES;
				CLANG_WARN_CONSTANT_CONVERSION = YES;
				CLANG_WARN_DEPRECATED_OBJC_IMPLEMENTATIONS = YES;
				CLANG_WARN_DIRECT_OBJC_ISA_USAGE = YES_ERROR;
				CLANG_WARN_DOCUMENTATION_COMMENTS = YES;
				CLANG_WARN_EMPTY_BODY = YES;
				CLANG_WARN_ENUM_CONVERSION = YES;
				CLANG_WARN_INFINITE_RECURSION = YES;
				CLANG_WARN_INT_CONVERSION = YES;
				CLANG_WARN_NON_LITERAL_NULL_CONVERSION = YES;
				CLANG_WARN_OBJC_IMPLICIT_RETAIN_SELF = YES;
				CLANG_WARN_OBJC_LITERAL_CONVERSION = YES;
				CLANG_WARN_OBJC_ROOT_CLASS = YES_ERROR;
				CLANG_WARN_QUOTED_INCLUDE_IN_FRAMEWORK_HEADER = YES;
				CLANG_WARN_RANGE_LOOP_ANALYSIS = YES;
				CLANG_WARN_STRICT_PROTOTYPES = YES;
				CLANG_WARN_SUSPICIOUS_MOVE = YES;
				CLANG_WARN_UNGUARDED_AVAILABILITY = YES_AGGRESSIVE;
				CLANG_WARN_UNREACHABLE_CODE = YES;
				CLANG_WARN__DUPLICATE_METHOD_MATCH = YES;
				COPY_PHASE_STRIP = NO;
				DEBUG_INFORMATION_FORMAT = "dwarf-with-dsym";
				ENABLE_NS_ASSERTIONS = NO;
				ENABLE_STRICT_OBJC_MSGSEND = YES;
				GCC_C_LANGUAGE_STANDARD = gnu11;
				GCC_NO_COMMON_BLOCKS = YES;
				GCC_WARN_64_TO_32_BIT_CONVERSION = YES;
				GCC_WARN_ABOUT_RETURN_TYPE = YES_ERROR;
				GCC_WARN_UNDECLARED_SELECTOR = YES;
				GCC_WARN_UNINITIALIZED_AUTOS = YES_AGGRESSIVE;
				GCC_WARN_UNUSED_FUNCTION = YES;
				GCC_WARN_UNUSED_VARIABLE = YES;
				IPHONEOS_DEPLOYMENT_TARGET = 15.2;
				MTL_ENABLE_DEBUG_INFO = NO;
				MTL_FAST_MATH = YES;
				SDKROOT = iphoneos;
				SWIFT_COMPILATION_MODE = wholemodule;
				SWIFT_OPTIMIZATION_LEVEL = "-O";
				VALIDATE_PRODUCT = YES;
			};
			name = Release;
		};
		6CDEBB2827C70326000FB1F3 /* Debug */ = {
			isa = XCBuildConfiguration;
			baseConfigurationReference = 31AF72C5D118492103962A0C /* Pods-WombatTest.debug.xcconfig */;
			buildSettings = {
				ASSETCATALOG_COMPILER_APPICON_NAME = AppIcon;
				ASSETCATALOG_COMPILER_GLOBAL_ACCENT_COLOR_NAME = AccentColor;
				CODE_SIGN_STYLE = Automatic;
				CURRENT_PROJECT_VERSION = 1;
				DEVELOPMENT_TEAM = PD76FHD37G;
				GENERATE_INFOPLIST_FILE = YES;
				INFOPLIST_FILE = WombatTest/Info.plist;
				INFOPLIST_KEY_UIApplicationSupportsIndirectInputEvents = YES;
				INFOPLIST_KEY_UILaunchStoryboardName = LaunchScreen;
				INFOPLIST_KEY_UISupportedInterfaceOrientations_iPad = "UIInterfaceOrientationPortrait UIInterfaceOrientationPortraitUpsideDown UIInterfaceOrientationLandscapeLeft UIInterfaceOrientationLandscapeRight";
				INFOPLIST_KEY_UISupportedInterfaceOrientations_iPhone = "UIInterfaceOrientationPortrait UIInterfaceOrientationLandscapeLeft UIInterfaceOrientationLandscapeRight";
				LD_RUNPATH_SEARCH_PATHS = (
					"$(inherited)",
					"@executable_path/Frameworks",
				);
				MARKETING_VERSION = 1.0;
				PRODUCT_BUNDLE_IDENTIFIER = com.sonnemultimedia.WombatTest;
				PRODUCT_NAME = "$(TARGET_NAME)";
				SWIFT_EMIT_LOC_STRINGS = YES;
				SWIFT_VERSION = 5.0;
				TARGETED_DEVICE_FAMILY = "1,2";
			};
			name = Debug;
		};
		6CDEBB2927C70326000FB1F3 /* Release */ = {
			isa = XCBuildConfiguration;
			baseConfigurationReference = D6404A8DE713A2C96E064B56 /* Pods-WombatTest.release.xcconfig */;
			buildSettings = {
				ASSETCATALOG_COMPILER_APPICON_NAME = AppIcon;
				ASSETCATALOG_COMPILER_GLOBAL_ACCENT_COLOR_NAME = AccentColor;
				CODE_SIGN_STYLE = Automatic;
				CURRENT_PROJECT_VERSION = 1;
				DEVELOPMENT_TEAM = PD76FHD37G;
				GENERATE_INFOPLIST_FILE = YES;
				INFOPLIST_FILE = WombatTest/Info.plist;
				INFOPLIST_KEY_UIApplicationSupportsIndirectInputEvents = YES;
				INFOPLIST_KEY_UILaunchStoryboardName = LaunchScreen;
				INFOPLIST_KEY_UISupportedInterfaceOrientations_iPad = "UIInterfaceOrientationPortrait UIInterfaceOrientationPortraitUpsideDown UIInterfaceOrientationLandscapeLeft UIInterfaceOrientationLandscapeRight";
				INFOPLIST_KEY_UISupportedInterfaceOrientations_iPhone = "UIInterfaceOrientationPortrait UIInterfaceOrientationLandscapeLeft UIInterfaceOrientationLandscapeRight";
				LD_RUNPATH_SEARCH_PATHS = (
					"$(inherited)",
					"@executable_path/Frameworks",
				);
				MARKETING_VERSION = 1.0;
				PRODUCT_BUNDLE_IDENTIFIER = com.sonnemultimedia.WombatTest;
				PRODUCT_NAME = "$(TARGET_NAME)";
				SWIFT_EMIT_LOC_STRINGS = YES;
				SWIFT_VERSION = 5.0;
				TARGETED_DEVICE_FAMILY = "1,2";
			};
			name = Release;
		};
/* End XCBuildConfiguration section */

/* Begin XCConfigurationList section */
		6CDEBB0E27C70325000FB1F3 /* Build configuration list for PBXProject "WombatTest" */ = {
			isa = XCConfigurationList;
			buildConfigurations = (
				6CDEBB2527C70326000FB1F3 /* Debug */,
				6CDEBB2627C70326000FB1F3 /* Release */,
			);
			defaultConfigurationIsVisible = 0;
			defaultConfigurationName = Release;
		};
		6CDEBB2727C70326000FB1F3 /* Build configuration list for PBXNativeTarget "WombatTest" */ = {
			isa = XCConfigurationList;
			buildConfigurations = (
				6CDEBB2827C70326000FB1F3 /* Debug */,
				6CDEBB2927C70326000FB1F3 /* Release */,
			);
			defaultConfigurationIsVisible = 0;
			defaultConfigurationName = Release;
		};
/* End XCConfigurationList section */
	};
	rootObject = 6CDEBB0B27C70325000FB1F3 /* Project object */;
}
